
Microsoft Visual Studio Solution File, Format Version 12.00
# Visual Studio Version 17
VisualStudioVersion = 17.4.33205.214
MinimumVisualStudioVersion = 10.0.40219.1
Project("{888888A0-9F3D-457C-B088-3A5042F75D52}") = "tsukkel", "tsukkel.pyproj", "{08CC39F7-4839-41CA-9974-D6FC10A20BFD}"
EndProject
Global
	GlobalSection(SolutionConfigurationPlatforms) = preSolution
		Debug|Any CPU = Debug|Any CPU
		Release|Any CPU = Release|Any CPU
	EndGlobalSection
	GlobalSection(ProjectConfigurationPlatforms) = postSolution
		{08CC39F7-4839-41CA-9974-D6FC10A20BFD}.Debug|Any CPU.ActiveCfg = Debug|Any CPU
		{08CC39F7-4839-41CA-9974-D6FC10A20BFD}.Release|Any CPU.ActiveCfg = Release|Any CPU
	EndGlobalSection
	GlobalSection(SolutionProperties) = preSolution
		HideSolutionNode = FALSE
	EndGlobalSection
	GlobalSection(ExtensibilityGlobals) = postSolution
		SolutionGuid = {763E9435-F537-4829-87C1-9DA1F252EC56}
	EndGlobalSection
EndGlobal
